
Microsoft Visual Studio Solution File, Format Version 12.00
# Visual Studio Version 16
VisualStudioVersion = 16.0.30428.66
MinimumVisualStudioVersion = 10.0.40219.1
Project("{8BC9CEB8-8B4A-11D0-8D11-00A0C91BC942}") = "WebView2_Sample", "src\WebView2_Sample.vcxproj", "{DCCB9FD9-232C-4BA4-9820-7A4C37AEE1A7}"
EndProject
Global
	GlobalSection(SolutionConfigurationPlatforms) = preSolution
		Debug|x64 = Debug|x64
		Debug|x86 = Debug|x86
		Release|x64 = Release|x64
		Release|x86 = Release|x86
	EndGlobalSection
	GlobalSection(ProjectConfigurationPlatforms) = postSolution
		{DCCB9FD9-232C-4BA4-9820-7A4C37AEE1A7}.Debug|x64.ActiveCfg = Debug|x64
		{DCCB9FD9-232C-4BA4-9820-7A4C37AEE1A7}.Debug|x64.Build.0 = Debug|x64
		{DCCB9FD9-232C-4BA4-9820-7A4C37AEE1A7}.Debug|x86.ActiveCfg = Debug|Win32
		{DCCB9FD9-232C-4BA4-9820-7A4C37AEE1A7}.Debug|x86.Build.0 = Debug|Win32
		{DCCB9FD9-232C-4BA4-9820-7A4C37AEE1A7}.Release|x64.ActiveCfg = Release|x64
		{DCCB9FD9-232C-4BA4-9820-7A4C37AEE1A7}.Release|x64.Build.0 = Release|x64
		{DCCB9FD9-232C-4BA4-9820-7A4C37AEE1A7}.Release|x86.ActiveCfg = Release|Win32
		{DCCB9FD9-232C-4BA4-9820-7A4C37AEE1A7}.Release|x86.Build.0 = Release|Win32
	EndGlobalSection
	GlobalSection(SolutionProperties) = preSolution
		HideSolutionNode = FALSE
	EndGlobalSection
	GlobalSection(ExtensibilityGlobals) = postSolution
		SolutionGuid = {7907463B-EE76-4A2F-9CFB-9BF8F7664EF1}
	EndGlobalSection
EndGlobal
